
Microsoft Visual Studio Solution File, Format Version 12.00
# Visual Studio Version 16
VisualStudioVersion = 16.0.29411.108
MinimumVisualStudioVersion = 10.0.40219.1
Project("{9A19103F-16F7-4668-BE54-9A1E7A4F7556}") = "ViewPort", "ViewPort\ViewPort.csproj", "{C86F1BED-E88A-4E91-8A8E-00428030CA01}"
EndProject
Project("{9A19103F-16F7-4668-BE54-9A1E7A4F7556}") = "ViewPort.Messaging", "ViewPort.Messaging\ViewPort.Messaging.csproj", "{E738C052-08D5-4BE1-9C0A-4EF7FFF8663D}"
EndProject
Project("{9A19103F-16F7-4668-BE54-9A1E7A4F7556}") = "ViewPort.Wpf", "ViewPort.Wpf\ViewPort.Wpf.csproj", "{77334E0A-013A-4E2E-84D0-1638DD24919F}"
EndProject
Project("{FAE04EC0-301F-11D3-BF4B-00C04F79EFBC}") = "ViewPort.Uwp", "ViewPort.Uwp\ViewPort.Uwp.csproj", "{B4E6F27E-66BB-4166-90D3-6C0160E92B2F}"
EndProject
Project("{FAE04EC0-301F-11D3-BF4B-00C04F79EFBC}") = "ViewPort.Tests", "ViewPort.Tests\ViewPort.Tests.csproj", "{75FFBE2B-EC09-4523-92A3-56EC320B18FD}"
EndProject
Global
	GlobalSection(SolutionConfigurationPlatforms) = preSolution
		Debug|Any CPU = Debug|Any CPU
		Debug|ARM = Debug|ARM
		Debug|ARM64 = Debug|ARM64
		Debug|x64 = Debug|x64
		Debug|x86 = Debug|x86
		Release|Any CPU = Release|Any CPU
		Release|ARM = Release|ARM
		Release|ARM64 = Release|ARM64
		Release|x64 = Release|x64
		Release|x86 = Release|x86
	EndGlobalSection
	GlobalSection(ProjectConfigurationPlatforms) = postSolution
		{C86F1BED-E88A-4E91-8A8E-00428030CA01}.Debug|Any CPU.ActiveCfg = Debug|Any CPU
		{C86F1BED-E88A-4E91-8A8E-00428030CA01}.Debug|Any CPU.Build.0 = Debug|Any CPU
		{C86F1BED-E88A-4E91-8A8E-00428030CA01}.Debug|ARM.ActiveCfg = Debug|Any CPU
		{C86F1BED-E88A-4E91-8A8E-00428030CA01}.Debug|ARM.Build.0 = Debug|Any CPU
		{C86F1BED-E88A-4E91-8A8E-00428030CA01}.Debug|ARM64.ActiveCfg = Debug|Any CPU
		{C86F1BED-E88A-4E91-8A8E-00428030CA01}.Debug|ARM64.Build.0 = Debug|Any CPU
		{C86F1BED-E88A-4E91-8A8E-00428030CA01}.Debug|x64.ActiveCfg = Debug|Any CPU
		{C86F1BED-E88A-4E91-8A8E-00428030CA01}.Debug|x64.Build.0 = Debug|Any CPU
		{C86F1BED-E88A-4E91-8A8E-00428030CA01}.Debug|x86.ActiveCfg = Debug|Any CPU
		{C86F1BED-E88A-4E91-8A8E-00428030CA01}.Debug|x86.Build.0 = Debug|Any CPU
		{C86F1BED-E88A-4E91-8A8E-00428030CA01}.Release|Any CPU.ActiveCfg = Release|Any CPU
		{C86F1BED-E88A-4E91-8A8E-00428030CA01}.Release|Any CPU.Build.0 = Release|Any CPU
		{C86F1BED-E88A-4E91-8A8E-00428030CA01}.Release|ARM.ActiveCfg = Release|Any CPU
		{C86F1BED-E88A-4E91-8A8E-00428030CA01}.Release|ARM.Build.0 = Release|Any CPU
		{C86F1BED-E88A-4E91-8A8E-00428030CA01}.Release|ARM64.ActiveCfg = Release|Any CPU
		{C86F1BED-E88A-4E91-8A8E-00428030CA01}.Release|ARM64.Build.0 = Release|Any CPU
		{C86F1BED-E88A-4E91-8A8E-00428030CA01}.Release|x64.ActiveCfg = Release|Any CPU
		{C86F1BED-E88A-4E91-8A8E-00428030CA01}.Release|x64.Build.0 = Release|Any CPU
		{C86F1BED-E88A-4E91-8A8E-00428030CA01}.Release|x86.ActiveCfg = Release|Any CPU
		{C86F1BED-E88A-4E91-8A8E-00428030CA01}.Release|x86.Build.0 = Release|Any CPU
		{E738C052-08D5-4BE1-9C0A-4EF7FFF8663D}.Debug|Any CPU.ActiveCfg = Debug|Any CPU
		{E738C052-08D5-4BE1-9C0A-4EF7FFF8663D}.Debug|Any CPU.Build.0 = Debug|Any CPU
		{E738C052-08D5-4BE1-9C0A-4EF7FFF8663D}.Debug|ARM.ActiveCfg = Debug|Any CPU
		{E738C052-08D5-4BE1-9C0A-4EF7FFF8663D}.Debug|ARM.Build.0 = Debug|Any CPU
		{E738C052-08D5-4BE1-9C0A-4EF7FFF8663D}.Debug|ARM64.ActiveCfg = Debug|Any CPU
		{E738C052-08D5-4BE1-9C0A-4EF7FFF8663D}.Debug|ARM64.Build.0 = Debug|Any CPU
		{E738C052-08D5-4BE1-9C0A-4EF7FFF8663D}.Debug|x64.ActiveCfg = Debug|Any CPU
		{E738C052-08D5-4BE1-9C0A-4EF7FFF8663D}.Debug|x64.Build.0 = Debug|Any CPU
		{E738C052-08D5-4BE1-9C0A-4EF7FFF8663D}.Debug|x86.ActiveCfg = Debug|Any CPU
		{E738C052-08D5-4BE1-9C0A-4EF7FFF8663D}.Debug|x86.Build.0 = Debug|Any CPU
		{E738C052-08D5-4BE1-9C0A-4EF7FFF8663D}.Release|Any CPU.ActiveCfg = Release|Any CPU
		{E738C052-08D5-4BE1-9C0A-4EF7FFF8663D}.Release|Any CPU.Build.0 = Release|Any CPU
		{E738C052-08D5-4BE1-9C0A-4EF7FFF8663D}.Release|ARM.ActiveCfg = Release|Any CPU
		{E738C052-08D5-4BE1-9C0A-4EF7FFF8663D}.Release|ARM.Build.0 = Release|Any CPU
		{E738C052-08D5-4BE1-9C0A-4EF7FFF8663D}.Release|ARM64.ActiveCfg = Release|Any CPU
		{E738C052-08D5-4BE1-9C0A-4EF7FFF8663D}.Release|ARM64.Build.0 = Release|Any CPU
		{E738C052-08D5-4BE1-9C0A-4EF7FFF8663D}.Release|x64.ActiveCfg = Release|Any CPU
		{E738C052-08D5-4BE1-9C0A-4EF7FFF8663D}.Release|x64.Build.0 = Release|Any CPU
		{E738C052-08D5-4BE1-9C0A-4EF7FFF8663D}.Release|x86.ActiveCfg = Release|Any CPU
		{E738C052-08D5-4BE1-9C0A-4EF7FFF8663D}.Release|x86.Build.0 = Release|Any CPU
		{77334E0A-013A-4E2E-84D0-1638DD24919F}.Debug|Any CPU.ActiveCfg = Debug|Any CPU
		{77334E0A-013A-4E2E-84D0-1638DD24919F}.Debug|Any CPU.Build.0 = Debug|Any CPU
		{77334E0A-013A-4E2E-84D0-1638DD24919F}.Debug|ARM.ActiveCfg = Debug|Any CPU
		{77334E0A-013A-4E2E-84D0-1638DD24919F}.Debug|ARM.Build.0 = Debug|Any CPU
		{77334E0A-013A-4E2E-84D0-1638DD24919F}.Debug|ARM64.ActiveCfg = Debug|Any CPU
		{77334E0A-013A-4E2E-84D0-1638DD24919F}.Debug|ARM64.Build.0 = Debug|Any CPU
		{77334E0A-013A-4E2E-84D0-1638DD24919F}.Debug|x64.ActiveCfg = Debug|Any CPU
		{77334E0A-013A-4E2E-84D0-1638DD24919F}.Debug|x64.Build.0 = Debug|Any CPU
		{77334E0A-013A-4E2E-84D0-1638DD24919F}.Debug|x86.ActiveCfg = Debug|Any CPU
		{77334E0A-013A-4E2E-84D0-1638DD24919F}.Debug|x86.Build.0 = Debug|Any CPU
		{77334E0A-013A-4E2E-84D0-1638DD24919F}.Release|Any CPU.ActiveCfg = Release|Any CPU
		{77334E0A-013A-4E2E-84D0-1638DD24919F}.Release|Any CPU.Build.0 = Release|Any CPU
		{77334E0A-013A-4E2E-84D0-1638DD24919F}.Release|ARM.ActiveCfg = Release|Any CPU
		{77334E0A-013A-4E2E-84D0-1638DD24919F}.Release|ARM.Build.0 = Release|Any CPU
		{77334E0A-013A-4E2E-84D0-1638DD24919F}.Release|ARM64.ActiveCfg = Release|Any CPU
		{77334E0A-013A-4E2E-84D0-1638DD24919F}.Release|ARM64.Build.0 = Release|Any CPU
		{77334E0A-013A-4E2E-84D0-1638DD24919F}.Release|x64.ActiveCfg = Release|Any CPU
		{77334E0A-013A-4E2E-84D0-1638DD24919F}.Release|x64.Build.0 = Release|Any CPU
		{77334E0A-013A-4E2E-84D0-1638DD24919F}.Release|x86.ActiveCfg = Release|Any CPU
		{77334E0A-013A-4E2E-84D0-1638DD24919F}.Release|x86.Build.0 = Release|Any CPU
		{B4E6F27E-66BB-4166-90D3-6C0160E92B2F}.Debug|Any CPU.ActiveCfg = Debug|Any CPU
		{B4E6F27E-66BB-4166-90D3-6C0160E92B2F}.Debug|Any CPU.Build.0 = Debug|Any CPU
		{B4E6F27E-66BB-4166-90D3-6C0160E92B2F}.Debug|ARM.ActiveCfg = Debug|ARM
		{B4E6F27E-66BB-4166-90D3-6C0160E92B2F}.Debug|ARM.Build.0 = Debug|ARM
		{B4E6F27E-66BB-4166-90D3-6C0160E92B2F}.Debug|ARM64.ActiveCfg = Debug|ARM64
		{B4E6F27E-66BB-4166-90D3-6C0160E92B2F}.Debug|ARM64.Build.0 = Debug|ARM64
		{B4E6F27E-66BB-4166-90D3-6C0160E92B2F}.Debug|x64.ActiveCfg = Debug|x64
		{B4E6F27E-66BB-4166-90D3-6C0160E92B2F}.Debug|x64.Build.0 = Debug|x64
		{B4E6F27E-66BB-4166-90D3-6C0160E92B2F}.Debug|x86.ActiveCfg = Debug|x86
		{B4E6F27E-66BB-4166-90D3-6C0160E92B2F}.Debug|x86.Build.0 = Debug|x86
		{B4E6F27E-66BB-4166-90D3-6C0160E92B2F}.Release|Any CPU.ActiveCfg = Release|Any CPU
		{B4E6F27E-66BB-4166-90D3-6C0160E92B2F}.Release|Any CPU.Build.0 = Release|Any CPU
		{B4E6F27E-66BB-4166-90D3-6C0160E92B2F}.Release|ARM.ActiveCfg = Release|ARM
		{B4E6F27E-66BB-4166-90D3-6C0160E92B2F}.Release|ARM.Build.0 = Release|ARM
		{B4E6F27E-66BB-4166-90D3-6C0160E92B2F}.Release|ARM64.ActiveCfg = Release|ARM64
		{B4E6F27E-66BB-4166-90D3-6C0160E92B2F}.Release|ARM64.Build.0 = Release|ARM64
		{B4E6F27E-66BB-4166-90D3-6C0160E92B2F}.Release|x64.ActiveCfg = Release|x64
		{B4E6F27E-66BB-4166-90D3-6C0160E92B2F}.Release|x64.Build.0 = Release|x64
		{B4E6F27E-66BB-4166-90D3-6C0160E92B2F}.Release|x86.ActiveCfg = Release|x86
		{B4E6F27E-66BB-4166-90D3-6C0160E92B2F}.Release|x86.Build.0 = Release|x86
		{75FFBE2B-EC09-4523-92A3-56EC320B18FD}.Debug|Any CPU.ActiveCfg = Debug|Any CPU
		{75FFBE2B-EC09-4523-92A3-56EC320B18FD}.Debug|Any CPU.Build.0 = Debug|Any CPU
		{75FFBE2B-EC09-4523-92A3-56EC320B18FD}.Debug|ARM.ActiveCfg = Debug|Any CPU
		{75FFBE2B-EC09-4523-92A3-56EC320B18FD}.Debug|ARM.Build.0 = Debug|Any CPU
		{75FFBE2B-EC09-4523-92A3-56EC320B18FD}.Debug|ARM64.ActiveCfg = Debug|Any CPU
		{75FFBE2B-EC09-4523-92A3-56EC320B18FD}.Debug|ARM64.Build.0 = Debug|Any CPU
		{75FFBE2B-EC09-4523-92A3-56EC320B18FD}.Debug|x64.ActiveCfg = Debug|Any CPU
		{75FFBE2B-EC09-4523-92A3-56EC320B18FD}.Debug|x64.Build.0 = Debug|Any CPU
		{75FFBE2B-EC09-4523-92A3-56EC320B18FD}.Debug|x86.ActiveCfg = Debug|Any CPU
		{75FFBE2B-EC09-4523-92A3-56EC320B18FD}.Debug|x86.Build.0 = Debug|Any CPU
		{75FFBE2B-EC09-4523-92A3-56EC320B18FD}.Release|Any CPU.ActiveCfg = Release|Any CPU
		{75FFBE2B-EC09-4523-92A3-56EC320B18FD}.Release|Any CPU.Build.0 = Release|Any CPU
		{75FFBE2B-EC09-4523-92A3-56EC320B18FD}.Release|ARM.ActiveCfg = Release|Any CPU
		{75FFBE2B-EC09-4523-92A3-56EC320B18FD}.Release|ARM.Build.0 = Release|Any CPU
		{75FFBE2B-EC09-4523-92A3-56EC320B18FD}.Release|ARM64.ActiveCfg = Release|Any CPU
		{75FFBE2B-EC09-4523-92A3-56EC320B18FD}.Release|ARM64.Build.0 = Release|Any CPU
		{75FFBE2B-EC09-4523-92A3-56EC320B18FD}.Release|x64.ActiveCfg = Release|Any CPU
		{75FFBE2B-EC09-4523-92A3-56EC320B18FD}.Release|x64.Build.0 = Release|Any CPU
		{75FFBE2B-EC09-4523-92A3-56EC320B18FD}.Release|x86.ActiveCfg = Release|Any CPU
		{75FFBE2B-EC09-4523-92A3-56EC320B18FD}.Release|x86.Build.0 = Release|Any CPU
	EndGlobalSection
	GlobalSection(SolutionProperties) = preSolution
		HideSolutionNode = FALSE
	EndGlobalSection
	GlobalSection(ExtensibilityGlobals) = postSolution
		SolutionGuid = {CB49E436-BE60-4D95-B68A-65DCA3752D8A}
	EndGlobalSection
EndGlobal
